<?xml version="1.0" encoding="utf-8"?>
<Project ToolsVersion="4.0" xmlns="http://schemas.microsoft.com/developer/msbuild/2003">
  <ItemGroup>
    <Filter Include="Исходные файлы">
      <UniqueIdentifier>{4FC737F1-C7A5-4376-A066-2A32D752A2FF}</UniqueIdentifier>
      <Extensions>cpp;c;cc;cxx;c++;cppm;ixx;def;odl;idl;hpj;bat;asm;asmx</Extensions>
    </Filter>
    <Filter Include="Файлы заголовков">
      <UniqueIdentifier>{93995380-89BD-4b04-88EB-625FBE52EBFB}</UniqueIdentifier>
      <Extensions>h;hh;hpp;hxx;h++;hm;inl;inc;ipp;xsd</Extensions>
    </Filter>
    <Filter Include="Файлы ресурсов">
      <UniqueIdentifier>{67DA6AB6-F800-4c08-8B7A-83BB121AAD01}</UniqueIdentifier>
      <Extensions>rc;ico;cur;bmp;dlg;rc2;rct;bin;rgs;gif;jpg;jpeg;jpe;resx;tiff;tif;png;wav;mfcribbon-ms</Extensions>
    </Filter>
    <Filter Include="Modules">
      <UniqueIdentifier>{533339c8-35a9-45ef-8202-e3221a6ffe58}</UniqueIdentifier>
    </Filter>
    <Filter Include="Control">
      <UniqueIdentifier>{ab099cd8-6324-4eed-b34f-16ded7d08343}</UniqueIdentifier>
    </Filter>
    <Filter Include="Draw">
      <UniqueIdentifier>{bd665666-fcbb-4737-a054-2aa02b788904}</UniqueIdentifier>
    </Filter>
  </ItemGroup>
  <ItemGroup>
    <ClInclude Include="Tanks.h">
      <Filter>Файлы заголовков</Filter>
    </ClInclude>
    <ClInclude Include="framework.h">
      <Filter>Файлы заголовков</Filter>
    </ClInclude>
    <ClInclude Include="targetver.h">
      <Filter>Файлы заголовков</Filter>
    </ClInclude>
    <ClInclude Include="MainFrm.h">
      <Filter>Файлы заголовков</Filter>
    </ClInclude>
    <ClInclude Include="TanksDoc.h">
      <Filter>Файлы заголовков</Filter>
    </ClInclude>
    <ClInclude Include="TanksView.h">
      <Filter>Файлы заголовков</Filter>
    </ClInclude>
    <ClInclude Include="Resource.h">
      <Filter>Файлы заголовков</Filter>
    </ClInclude>
    <ClInclude Include="FileView.h">
      <Filter>Файлы заголовков</Filter>
    </ClInclude>
    <ClInclude Include="ClassView.h">
      <Filter>Файлы заголовков</Filter>
    </ClInclude>
    <ClInclude Include="ViewTree.h">
      <Filter>Файлы заголовков</Filter>
    </ClInclude>
    <ClInclude Include="OutputWnd.h">
      <Filter>Файлы заголовков</Filter>
    </ClInclude>
    <ClInclude Include="PropertiesWnd.h">
      <Filter>Файлы заголовков</Filter>
    </ClInclude>
    <ClInclude Include="pch.h">
      <Filter>Файлы заголовков</Filter>
    </ClInclude>
    <ClInclude Include="MapObject.h">
      <Filter>Modules</Filter>
    </ClInclude>
    <ClInclude Include="MapObjectData.h">
      <Filter>Modules</Filter>
    </ClInclude>
    <ClInclude Include="Tank.h">
      <Filter>Modules</Filter>
    </ClInclude>
    <ClInclude Include="Burrier.h">
      <Filter>Modules</Filter>
    </ClInclude>
    <ClInclude Include="Bullet.h">
      <Filter>Modules</Filter>
    </ClInclude>
    <ClInclude Include="Map.h">
      <Filter>Modules</Filter>
    </ClInclude>
    <ClInclude Include="MapGenerator.h">
      <Filter>Modules</Filter>
    </ClInclude>
    <ClInclude Include="IDrawer.h">
      <Filter>Draw</Filter>
    </ClInclude>
    <ClInclude Include="BitmapDrawer.h">
      <Filter>Draw</Filter>
    </ClInclude>
    <ClInclude Include="CreateDrawers.h">
      <Filter>Draw</Filter>
    </ClInclude>
    <ClInclude Include="IdGenerator.h">
      <Filter>Modules</Filter>
    </ClInclude>
    <ClInclude Include="Bitmaps.h">
      <Filter>Draw</Filter>
    </ClInclude>
    <ClInclude Include="DrawContext.h">
      <Filter>Draw</Filter>
    </ClInclude>
    <ClInclude Include="MapModifier.h">
      <Filter>Control</Filter>
    </ClInclude>
    <ClInclude Include="Notifier.h">
      <Filter>Draw</Filter>
    </ClInclude>
    <ClInclude Include="MapObjectVisitor.h">
      <Filter>Modules</Filter>
    </ClInclude>
  </ItemGroup>
  <ItemGroup>
    <ClCompile Include="Tanks.cpp">
      <Filter>Исходные файлы</Filter>
    </ClCompile>
    <ClCompile Include="MainFrm.cpp">
      <Filter>Исходные файлы</Filter>
    </ClCompile>
    <ClCompile Include="TanksDoc.cpp">
      <Filter>Исходные файлы</Filter>
    </ClCompile>
    <ClCompile Include="TanksView.cpp">
      <Filter>Исходные файлы</Filter>
    </ClCompile>
    <ClCompile Include="FileView.cpp">
      <Filter>Исходные файлы</Filter>
    </ClCompile>
    <ClCompile Include="ClassView.cpp">
      <Filter>Исходные файлы</Filter>
    </ClCompile>
    <ClCompile Include="ViewTree.cpp">
      <Filter>Исходные файлы</Filter>
    </ClCompile>
    <ClCompile Include="OutputWnd.cpp">
      <Filter>Исходные файлы</Filter>
    </ClCompile>
    <ClCompile Include="PropertiesWnd.cpp">
      <Filter>Исходные файлы</Filter>
    </ClCompile>
    <ClCompile Include="pch.cpp">
      <Filter>Исходные файлы</Filter>
    </ClCompile>
    <ClCompile Include="MapObject.cpp">
      <Filter>Modules</Filter>
    </ClCompile>
    <ClCompile Include="MapObjectData.cpp">
      <Filter>Modules</Filter>
    </ClCompile>
    <ClCompile Include="Tank.cpp">
      <Filter>Modules</Filter>
    </ClCompile>
    <ClCompile Include="Burrier.cpp">
      <Filter>Modules</Filter>
    </ClCompile>
    <ClCompile Include="Bullet.cpp">
      <Filter>Modules</Filter>
    </ClCompile>
    <ClCompile Include="Map.cpp">
      <Filter>Modules</Filter>
    </ClCompile>
    <ClCompile Include="BitmapDrawer.cpp">
      <Filter>Draw</Filter>
    </ClCompile>
    <ClCompile Include="CreateDrawers.cpp">
      <Filter>Draw</Filter>
    </ClCompile>
    <ClCompile Include="IdGenerator.cpp">
      <Filter>Modules</Filter>
    </ClCompile>
    <ClCompile Include="DrawContext.cpp">
      <Filter>Draw</Filter>
    </ClCompile>
    <ClCompile Include="MapModifier.cpp">
      <Filter>Control</Filter>
    </ClCompile>
    <ClCompile Include="Notifier.cpp">
      <Filter>Draw</Filter>
    </ClCompile>
  </ItemGroup>
  <ItemGroup>
    <ResourceCompile Include="Tanks.rc">
      <Filter>Файлы ресурсов</Filter>
    </ResourceCompile>
  </ItemGroup>
  <ItemGroup>
    <Image Include="res\file_view.ico">
      <Filter>Файлы ресурсов</Filter>
    </Image>
    <Image Include="res\file_view_hc.ico">
      <Filter>Файлы ресурсов</Filter>
    </Image>
    <Image Include="res\class_view.ico">
      <Filter>Файлы ресурсов</Filter>
    </Image>
    <Image Include="res\class_view_hc.ico">
      <Filter>Файлы ресурсов</Filter>
    </Image>
    <Image Include="res\fileview.bmp">
      <Filter>Файлы ресурсов</Filter>
    </Image>
    <Image Include="res\fileview_hc.bmp">
      <Filter>Файлы ресурсов</Filter>
    </Image>
    <Image Include="res\classview.bmp">
      <Filter>Файлы ресурсов</Filter>
    </Image>
    <Image Include="res\classview_hc.bmp">
      <Filter>Файлы ресурсов</Filter>
    </Image>
    <Image Include="res\explorer.bmp">
      <Filter>Файлы ресурсов</Filter>
    </Image>
    <Image Include="res\explorer_hc.bmp">
      <Filter>Файлы ресурсов</Filter>
    </Image>
    <Image Include="res\sort.bmp">
      <Filter>Файлы ресурсов</Filter>
    </Image>
    <Image Include="res\sort_hc.bmp">
      <Filter>Файлы ресурсов</Filter>
    </Image>
    <Image Include="res\menuimages.bmp">
      <Filter>Файлы ресурсов</Filter>
    </Image>
    <Image Include="res\menuimages_hc.bmp">
      <Filter>Файлы ресурсов</Filter>
    </Image>
    <Image Include="res\output_wnd.ico">
      <Filter>Файлы ресурсов</Filter>
    </Image>
    <Image Include="res\output_wnd_hc.ico">
      <Filter>Файлы ресурсов</Filter>
    </Image>
    <Image Include="res\properties_wnd.ico">
      <Filter>Файлы ресурсов</Filter>
    </Image>
    <Image Include="res\properties_wnd_hc.ico">
      <Filter>Файлы ресурсов</Filter>
    </Image>
    <Image Include="res\properties.bmp">
      <Filter>Файлы ресурсов</Filter>
    </Image>
    <Image Include="res\properties_hc.bmp">
      <Filter>Файлы ресурсов</Filter>
    </Image>
    <Image Include="res\userimages.bmp">
      <Filter>Файлы ресурсов</Filter>
    </Image>
    <Image Include="res\TanksDoc.ico">
      <Filter>Файлы ресурсов</Filter>
    </Image>
    <Image Include="res\Tanks.ico">
      <Filter>Файлы ресурсов</Filter>
    </Image>
    <Image Include="res\Toolbar.bmp">
      <Filter>Файлы ресурсов</Filter>
    </Image>
    <Image Include="res\Toolbar256.bmp">
      <Filter>Файлы ресурсов</Filter>
    </Image>
    <Image Include="..\..\..\..\Downloads\off.png">
      <Filter>Файлы ресурсов</Filter>
    </Image>
    <Image Include="res\bitmap1.bmp">
      <Filter>Файлы ресурсов</Filter>
    </Image>
    <Image Include="res\player_tank.bmp">
      <Filter>Файлы ресурсов</Filter>
    </Image>
  </ItemGroup>
  <ItemGroup>
    <None Include="res\Tanks.rc2">
      <Filter>Файлы ресурсов</Filter>
    </None>
  </ItemGroup>
</Project>