<?xml version="1.0" encoding="utf-8"?>
<Project ToolsVersion="4.0" xmlns="http://schemas.microsoft.com/developer/msbuild/2003">
  <ItemGroup>
    <Filter Include="Исходные файлы">
      <UniqueIdentifier>{4FC737F1-C7A5-4376-A066-2A32D752A2FF}</UniqueIdentifier>
      <Extensions>cpp;c;cc;cxx;c++;cppm;ixx;def;odl;idl;hpj;bat;asm;asmx</Extensions>
    </Filter>
    <Filter Include="Файлы заголовков">
      <UniqueIdentifier>{93995380-89BD-4b04-88EB-625FBE52EBFB}</UniqueIdentifier>
      <Extensions>h;hh;hpp;hxx;h++;hm;inl;inc;ipp;xsd</Extensions>
    </Filter>
    <Filter Include="Файлы ресурсов">
      <UniqueIdentifier>{67DA6AB6-F800-4c08-8B7A-83BB121AAD01}</UniqueIdentifier>
      <Extensions>rc;ico;cur;bmp;dlg;rc2;rct;bin;rgs;gif;jpg;jpeg;jpe;resx;tiff;tif;png;wav;mfcribbon-ms</Extensions>
    </Filter>
    <Filter Include="Draw">
      <UniqueIdentifier>{bd665666-fcbb-4737-a054-2aa02b788904}</UniqueIdentifier>
    </Filter>
    <Filter Include="Model">
      <UniqueIdentifier>{533339c8-35a9-45ef-8202-e3221a6ffe58}</UniqueIdentifier>
    </Filter>
    <Filter Include="Controller">
      <UniqueIdentifier>{ab099cd8-6324-4eed-b34f-16ded7d08343}</UniqueIdentifier>
    </Filter>
  </ItemGroup>
  <ItemGroup>
    <ClInclude Include="Tanks.h">
      <Filter>Файлы заголовков</Filter>
    </ClInclude>
    <ClInclude Include="Resource.h">
      <Filter>Файлы заголовков</Filter>
    </ClInclude>
    <ClInclude Include="pch.h">
      <Filter>Файлы заголовков</Filter>
    </ClInclude>
    <ClInclude Include="Application/ClassView.h">
      <Filter>Файлы заголовков</Filter>
    </ClInclude>
    <ClInclude Include="Application/FileView.h">
      <Filter>Файлы заголовков</Filter>
    </ClInclude>
    <ClInclude Include="Application/framework.h">
      <Filter>Файлы заголовков</Filter>
    </ClInclude>
    <ClInclude Include="Application/MainFrm.h">
      <Filter>Файлы заголовков</Filter>
    </ClInclude>
    <ClInclude Include="Application/Notifier.h">
      <Filter>Файлы заголовков</Filter>
    </ClInclude>
    <ClInclude Include="Application/OutputWnd.h">
      <Filter>Файлы заголовков</Filter>
    </ClInclude>
    <ClInclude Include="Application/PropertiesWnd.h">
      <Filter>Файлы заголовков</Filter>
    </ClInclude>
    <ClInclude Include="Application/TanksDoc.h">
      <Filter>Файлы заголовков</Filter>
    </ClInclude>
    <ClInclude Include="Application/TanksView.h">
      <Filter>Файлы заголовков</Filter>
    </ClInclude>
    <ClInclude Include="Application/targetver.h">
      <Filter>Файлы заголовков</Filter>
    </ClInclude>
    <ClInclude Include="Application/ViewTree.h">
      <Filter>Файлы заголовков</Filter>
    </ClInclude>
    <ClInclude Include="Model/Tank.h">
      <Filter>Model</Filter>
    </ClInclude>
    <ClInclude Include="Controller/MapModifier.h">
      <Filter>Controller</Filter>
    </ClInclude>
    <ClInclude Include="Draw/BitmapDrawer.h">
      <Filter>Draw</Filter>
    </ClInclude>
    <ClInclude Include="Draw/Bitmaps.h">
      <Filter>Draw</Filter>
    </ClInclude>
    <ClInclude Include="Model/Bullet.h">
      <Filter>Model</Filter>
    </ClInclude>
    <ClInclude Include="Model/Burrier.h">
      <Filter>Model</Filter>
    </ClInclude>
    <ClInclude Include="Draw/CreateDrawers.h">
      <Filter>Draw</Filter>
    </ClInclude>
    <ClInclude Include="Model/IdGenerator.h">
      <Filter>Model</Filter>
    </ClInclude>
    <ClInclude Include="Draw/IDrawer.h">
      <Filter>Draw</Filter>
    </ClInclude>
    <ClInclude Include="Model/Map.h">
      <Filter>Model</Filter>
    </ClInclude>
    <ClInclude Include="Model/MapGenerator.h">
      <Filter>Model</Filter>
    </ClInclude>
    <ClInclude Include="Model/MapObject.h">
      <Filter>Model</Filter>
    </ClInclude>
    <ClInclude Include="Model/MapObjectData.h">
      <Filter>Model</Filter>
    </ClInclude>
    <ClInclude Include="Model/MapObjectVisitor.h">
      <Filter>Model</Filter>
    </ClInclude>
    <ClInclude Include="Draw/DrawContext.h">
      <Filter>Draw</Filter>
    </ClInclude>
  </ItemGroup>
  <ItemGroup>
    <ClCompile Include="Tanks.cpp">
      <Filter>Исходные файлы</Filter>
    </ClCompile>
    <ClCompile Include="pch.cpp">
      <Filter>Исходные файлы</Filter>
    </ClCompile>
    <ClCompile Include="Application/ClassView.cpp">
      <Filter>Исходные файлы</Filter>
    </ClCompile>
    <ClCompile Include="Application/FileView.cpp">
      <Filter>Исходные файлы</Filter>
    </ClCompile>
    <ClCompile Include="Application/MainFrm.cpp">
      <Filter>Исходные файлы</Filter>
    </ClCompile>
    <ClCompile Include="Application/Notifier.cpp">
      <Filter>Исходные файлы</Filter>
    </ClCompile>
    <ClCompile Include="Application/OutputWnd.cpp">
      <Filter>Исходные файлы</Filter>
    </ClCompile>
    <ClCompile Include="Application/PropertiesWnd.cpp">
      <Filter>Исходные файлы</Filter>
    </ClCompile>
    <ClCompile Include="Application/TanksDoc.cpp">
      <Filter>Исходные файлы</Filter>
    </ClCompile>
    <ClCompile Include="Application/TanksView.cpp">
      <Filter>Исходные файлы</Filter>
    </ClCompile>
    <ClCompile Include="Application/ViewTree.cpp">
      <Filter>Исходные файлы</Filter>
    </ClCompile>
    <ClCompile Include="Controller\MapModifier.cpp">
      <Filter>Controller</Filter>
    </ClCompile>
    <ClCompile Include="Draw/BitmapDrawer.cpp">
      <Filter>Draw</Filter>
    </ClCompile>
    <ClCompile Include="Model/Bullet.cpp">
      <Filter>Model</Filter>
    </ClCompile>
    <ClCompile Include="Model/Burrier.cpp">
      <Filter>Model</Filter>
    </ClCompile>
    <ClCompile Include="Draw/CreateDrawers.cpp">
      <Filter>Draw</Filter>
    </ClCompile>
    <ClCompile Include="Draw/DrawContext.cpp">
      <Filter>Draw</Filter>
    </ClCompile>
    <ClCompile Include="Model/IdGenerator.cpp">
      <Filter>Model</Filter>
    </ClCompile>
    <ClCompile Include="Model/Map.cpp">
      <Filter>Model</Filter>
    </ClCompile>
    <ClCompile Include="Model/MapObject.cpp">
      <Filter>Model</Filter>
    </ClCompile>
    <ClCompile Include="Model/MapObjectData.cpp">
      <Filter>Model</Filter>
    </ClCompile>
    <ClCompile Include="Model/Tank.cpp">
      <Filter>Model</Filter>
    </ClCompile>
  </ItemGroup>
  <ItemGroup>
    <ResourceCompile Include="Tanks.rc">
      <Filter>Файлы ресурсов</Filter>
    </ResourceCompile>
  </ItemGroup>
  <ItemGroup>
    <Image Include="res\file_view.ico">
      <Filter>Файлы ресурсов</Filter>
    </Image>
    <Image Include="res\file_view_hc.ico">
      <Filter>Файлы ресурсов</Filter>
    </Image>
    <Image Include="res\class_view.ico">
      <Filter>Файлы ресурсов</Filter>
    </Image>
    <Image Include="res\class_view_hc.ico">
      <Filter>Файлы ресурсов</Filter>
    </Image>
    <Image Include="res\fileview.bmp">
      <Filter>Файлы ресурсов</Filter>
    </Image>
    <Image Include="res\fileview_hc.bmp">
      <Filter>Файлы ресурсов</Filter>
    </Image>
    <Image Include="res\classview.bmp">
      <Filter>Файлы ресурсов</Filter>
    </Image>
    <Image Include="res\classview_hc.bmp">
      <Filter>Файлы ресурсов</Filter>
    </Image>
    <Image Include="res\explorer.bmp">
      <Filter>Файлы ресурсов</Filter>
    </Image>
    <Image Include="res\explorer_hc.bmp">
      <Filter>Файлы ресурсов</Filter>
    </Image>
    <Image Include="res\sort.bmp">
      <Filter>Файлы ресурсов</Filter>
    </Image>
    <Image Include="res\sort_hc.bmp">
      <Filter>Файлы ресурсов</Filter>
    </Image>
    <Image Include="res\menuimages.bmp">
      <Filter>Файлы ресурсов</Filter>
    </Image>
    <Image Include="res\menuimages_hc.bmp">
      <Filter>Файлы ресурсов</Filter>
    </Image>
    <Image Include="res\output_wnd.ico">
      <Filter>Файлы ресурсов</Filter>
    </Image>
    <Image Include="res\output_wnd_hc.ico">
      <Filter>Файлы ресурсов</Filter>
    </Image>
    <Image Include="res\properties_wnd.ico">
      <Filter>Файлы ресурсов</Filter>
    </Image>
    <Image Include="res\properties_wnd_hc.ico">
      <Filter>Файлы ресурсов</Filter>
    </Image>
    <Image Include="res\properties.bmp">
      <Filter>Файлы ресурсов</Filter>
    </Image>
    <Image Include="res\properties_hc.bmp">
      <Filter>Файлы ресурсов</Filter>
    </Image>
    <Image Include="res\userimages.bmp">
      <Filter>Файлы ресурсов</Filter>
    </Image>
    <Image Include="res\TanksDoc.ico">
      <Filter>Файлы ресурсов</Filter>
    </Image>
    <Image Include="res\Tanks.ico">
      <Filter>Файлы ресурсов</Filter>
    </Image>
    <Image Include="res\Toolbar.bmp">
      <Filter>Файлы ресурсов</Filter>
    </Image>
    <Image Include="res\Toolbar256.bmp">
      <Filter>Файлы ресурсов</Filter>
    </Image>
    <Image Include="..\..\..\..\Downloads\off.png">
      <Filter>Файлы ресурсов</Filter>
    </Image>
    <Image Include="res\bitmap1.bmp">
      <Filter>Файлы ресурсов</Filter>
    </Image>
    <Image Include="res\player_tank.bmp">
      <Filter>Файлы ресурсов</Filter>
    </Image>
  </ItemGroup>
  <ItemGroup>
    <None Include="res\Tanks.rc2">
      <Filter>Файлы ресурсов</Filter>
    </None>
  </ItemGroup>
</Project>